
Microsoft Visual Studio Solution File, Format Version 12.00
# Visual Studio Version 16
VisualStudioVersion = 16.0.31410.357
MinimumVisualStudioVersion = 10.0.40219.1
Project("{FAE04EC0-301F-11D3-BF4B-00C04F79EFBC}") = "gitapp", "gitapp\gitapp.csproj", "{7E891DD6-E758-4870-BCCF-4C897B09C903}"
EndProject
Global
	GlobalSection(SolutionConfigurationPlatforms) = preSolution
		Debug|Any CPU = Debug|Any CPU
		Release|Any CPU = Release|Any CPU
	EndGlobalSection
	GlobalSection(ProjectConfigurationPlatforms) = postSolution
		{7E891DD6-E758-4870-BCCF-4C897B09C903}.Debug|Any CPU.ActiveCfg = Debug|Any CPU
		{7E891DD6-E758-4870-BCCF-4C897B09C903}.Debug|Any CPU.Build.0 = Debug|Any CPU
		{7E891DD6-E758-4870-BCCF-4C897B09C903}.Release|Any CPU.ActiveCfg = Release|Any CPU
		{7E891DD6-E758-4870-BCCF-4C897B09C903}.Release|Any CPU.Build.0 = Release|Any CPU
	EndGlobalSection
	GlobalSection(SolutionProperties) = preSolution
		HideSolutionNode = FALSE
	EndGlobalSection
	GlobalSection(ExtensibilityGlobals) = postSolution
		SolutionGuid = {28875C67-D3C9-4636-A748-86D6F9181B77}
	EndGlobalSection
EndGlobal
